Microsoft Visual Studio Solution File, Format Version 12.00
# Visual Studio Version 17
VisualStudioVersion = 17.5.2.0
MinimumVisualStudioVersion = 10.0.40219.1
Project("{FAE04EC0-301F-11D3-BF4B-00C04F79EFBC}") = "DivideCuCinci", "DivideCuCinci.csproj", "{C5F0D0CE-1518-49C3-4B49-6347358CA523}"
EndProject
Global
	GlobalSection(SolutionConfigurationPlatforms) = preSolution
		Debug|Any CPU = Debug|Any CPU
		Release|Any CPU = Release|Any CPU
	EndGlobalSection
	GlobalSection(ProjectConfigurationPlatforms) = postSolution
		{C5F0D0CE-1518-49C3-4B49-6347358CA523}.Debug|Any CPU.ActiveCfg = Debug|Any CPU
		{C5F0D0CE-1518-49C3-4B49-6347358CA523}.Debug|Any CPU.Build.0 = Debug|Any CPU
		{C5F0D0CE-1518-49C3-4B49-6347358CA523}.Release|Any CPU.ActiveCfg = Release|Any CPU
		{C5F0D0CE-1518-49C3-4B49-6347358CA523}.Release|Any CPU.Build.0 = Release|Any CPU
	EndGlobalSection
	GlobalSection(SolutionProperties) = preSolution
		HideSolutionNode = FALSE
	EndGlobalSection
	GlobalSection(ExtensibilityGlobals) = postSolution
		SolutionGuid = {3191935A-19CC-4813-8B04-62F9EB3DE68B}
	EndGlobalSection
EndGlobal
