Microsoft Visual Studio Solution File, Format Version 12.00
# Visual Studio Version 17
VisualStudioVersion = 17.5.2.0
MinimumVisualStudioVersion = 10.0.40219.1
Project("{FAE04EC0-301F-11D3-BF4B-00C04F79EFBC}") = "primelenumerepare", "primelenumerepare.csproj", "{0A557439-9CDF-75C9-8F58-EEA02AE36070}"
EndProject
Global
	GlobalSection(SolutionConfigurationPlatforms) = preSolution
		Debug|Any CPU = Debug|Any CPU
		Release|Any CPU = Release|Any CPU
	EndGlobalSection
	GlobalSection(ProjectConfigurationPlatforms) = postSolution
		{0A557439-9CDF-75C9-8F58-EEA02AE36070}.Debug|Any CPU.ActiveCfg = Debug|Any CPU
		{0A557439-9CDF-75C9-8F58-EEA02AE36070}.Debug|Any CPU.Build.0 = Debug|Any CPU
		{0A557439-9CDF-75C9-8F58-EEA02AE36070}.Release|Any CPU.ActiveCfg = Release|Any CPU
		{0A557439-9CDF-75C9-8F58-EEA02AE36070}.Release|Any CPU.Build.0 = Release|Any CPU
	EndGlobalSection
	GlobalSection(SolutionProperties) = preSolution
		HideSolutionNode = FALSE
	EndGlobalSection
	GlobalSection(ExtensibilityGlobals) = postSolution
		SolutionGuid = {7BC10BA6-14F3-4FC9-B774-A66DF29306A8}
	EndGlobalSection
EndGlobal
